
Microsoft Visual Studio Solution File, Format Version 12.00
# Visual Studio Version 17
VisualStudioVersion = 17.0.32126.317
MinimumVisualStudioVersion = 10.0.40219.1
Project("{FAE04EC0-301F-11D3-BF4B-00C04F79EFBC}") = "Calcultor", "Calcultor.csproj", "{A6F3C129-5DAB-4A9A-9066-09623D7F1B9F}"
EndProject
Global
	GlobalSection(SolutionConfigurationPlatforms) = preSolution
		Debug|Any CPU = Debug|Any CPU
		Release|Any CPU = Release|Any CPU
	EndGlobalSection
	GlobalSection(ProjectConfigurationPlatforms) = postSolution
		{A6F3C129-5DAB-4A9A-9066-09623D7F1B9F}.Debug|Any CPU.ActiveCfg = Debug|Any CPU
		{A6F3C129-5DAB-4A9A-9066-09623D7F1B9F}.Debug|Any CPU.Build.0 = Debug|Any CPU
		{A6F3C129-5DAB-4A9A-9066-09623D7F1B9F}.Release|Any CPU.ActiveCfg = Release|Any CPU
		{A6F3C129-5DAB-4A9A-9066-09623D7F1B9F}.Release|Any CPU.Build.0 = Release|Any CPU
	EndGlobalSection
	GlobalSection(SolutionProperties) = preSolution
		HideSolutionNode = FALSE
	EndGlobalSection
	GlobalSection(ExtensibilityGlobals) = postSolution
		SolutionGuid = {3E3FEBB7-73B0-4AFF-8E4E-E60AA1434515}
	EndGlobalSection
EndGlobal
